
Microsoft Visual Studio Solution File, Format Version 12.00
# Visual Studio Version 16
VisualStudioVersion = 16.0.31025.194
MinimumVisualStudioVersion = 10.0.40219.1
Project("{9A19103F-16F7-4668-BE54-9A1E7A4F7556}") = "AppCore", "AppCore\AppCore.csproj", "{BBEF3B0C-562F-4EF7-8562-2E62865D0A64}"
EndProject
Project("{FAE04EC0-301F-11D3-BF4B-00C04F79EFBC}") = "AppRepository", "AppRepository\AppRepository.csproj", "{EFCF6BB8-3125-460D-B968-B57607D63C4B}"
EndProject
Project("{FAE04EC0-301F-11D3-BF4B-00C04F79EFBC}") = "IdentityProvider", "IdentityProvider\IdentityProvider.csproj", "{971CF6E6-6551-46AE-A062-BBC190C72C98}"
EndProject
Global
	GlobalSection(SolutionConfigurationPlatforms) = preSolution
		Debug|Any CPU = Debug|Any CPU
		Release|Any CPU = Release|Any CPU
	EndGlobalSection
	GlobalSection(ProjectConfigurationPlatforms) = postSolution
		{BBEF3B0C-562F-4EF7-8562-2E62865D0A64}.Debug|Any CPU.ActiveCfg = Debug|Any CPU
		{BBEF3B0C-562F-4EF7-8562-2E62865D0A64}.Debug|Any CPU.Build.0 = Debug|Any CPU
		{BBEF3B0C-562F-4EF7-8562-2E62865D0A64}.Release|Any CPU.ActiveCfg = Release|Any CPU
		{BBEF3B0C-562F-4EF7-8562-2E62865D0A64}.Release|Any CPU.Build.0 = Release|Any CPU
		{EFCF6BB8-3125-460D-B968-B57607D63C4B}.Debug|Any CPU.ActiveCfg = Debug|Any CPU
		{EFCF6BB8-3125-460D-B968-B57607D63C4B}.Debug|Any CPU.Build.0 = Debug|Any CPU
		{EFCF6BB8-3125-460D-B968-B57607D63C4B}.Release|Any CPU.ActiveCfg = Release|Any CPU
		{EFCF6BB8-3125-460D-B968-B57607D63C4B}.Release|Any CPU.Build.0 = Release|Any CPU
		{971CF6E6-6551-46AE-A062-BBC190C72C98}.Debug|Any CPU.ActiveCfg = Debug|Any CPU
		{971CF6E6-6551-46AE-A062-BBC190C72C98}.Debug|Any CPU.Build.0 = Debug|Any CPU
		{971CF6E6-6551-46AE-A062-BBC190C72C98}.Release|Any CPU.ActiveCfg = Release|Any CPU
		{971CF6E6-6551-46AE-A062-BBC190C72C98}.Release|Any CPU.Build.0 = Release|Any CPU
	EndGlobalSection
	GlobalSection(SolutionProperties) = preSolution
		HideSolutionNode = FALSE
	EndGlobalSection
	GlobalSection(ExtensibilityGlobals) = postSolution
		SolutionGuid = {63B1E06C-42FA-4CEF-AC4A-4D82D4CA8796}
	EndGlobalSection
EndGlobal
