
Microsoft Visual Studio Solution File, Format Version 12.00
# Visual Studio Version 17
VisualStudioVersion = 17.3.32929.385
MinimumVisualStudioVersion = 10.0.40219.1
Project("{9A19103F-16F7-4668-BE54-9A1E7A4F7556}") = "IdentityProvider", "IdentityProvider\IdentityProvider.csproj", "{971CF6E6-6551-46AE-A062-BBC190C72C98}"
EndProject
Project("{9A19103F-16F7-4668-BE54-9A1E7A4F7556}") = "WebApi", "WebApi\WebApi.csproj", "{B38EF8A7-F6A6-439C-A09C-8C542ADE824A}"
EndProject
Project("{9A19103F-16F7-4668-BE54-9A1E7A4F7556}") = "RazorComponents", "RazorComponents\RazorComponents.csproj", "{798A1A5D-8B99-4259-B55E-B1A527269F3D}"
EndProject
Project("{9A19103F-16F7-4668-BE54-9A1E7A4F7556}") = "BlazorWebAssemblyApp", "BlazorWebAssemblyApp\BlazorWebAssemblyApp.csproj", "{DB78091A-6A14-4A3F-9DCF-0C392E2262BC}"
EndProject
Project("{9A19103F-16F7-4668-BE54-9A1E7A4F7556}") = "BlazorServerApp", "BlazorServerApp\BlazorServerApp.csproj", "{4A459171-9A4D-426B-AA41-A54DBE899C81}"
EndProject
Project("{9A19103F-16F7-4668-BE54-9A1E7A4F7556}") = "Core", "Core\Core.csproj", "{E2B7458B-D781-4D4D-A0E4-6CDF79BD218E}"
EndProject
Project("{9A19103F-16F7-4668-BE54-9A1E7A4F7556}") = "Services", "Services\Services.csproj", "{8C866CDA-FA58-42EF-9AF9-56B247337ED8}"
EndProject
Project("{9A19103F-16F7-4668-BE54-9A1E7A4F7556}") = "Repository", "Repository\Repository.csproj", "{621CB31F-81C2-4CBF-87B6-9CA889D1D238}"
EndProject
Global
	GlobalSection(SolutionConfigurationPlatforms) = preSolution
		Debug|Any CPU = Debug|Any CPU
		Release|Any CPU = Release|Any CPU
	EndGlobalSection
	GlobalSection(ProjectConfigurationPlatforms) = postSolution
		{971CF6E6-6551-46AE-A062-BBC190C72C98}.Debug|Any CPU.ActiveCfg = Debug|Any CPU
		{971CF6E6-6551-46AE-A062-BBC190C72C98}.Debug|Any CPU.Build.0 = Debug|Any CPU
		{971CF6E6-6551-46AE-A062-BBC190C72C98}.Release|Any CPU.ActiveCfg = Release|Any CPU
		{971CF6E6-6551-46AE-A062-BBC190C72C98}.Release|Any CPU.Build.0 = Release|Any CPU
		{B38EF8A7-F6A6-439C-A09C-8C542ADE824A}.Debug|Any CPU.ActiveCfg = Debug|Any CPU
		{B38EF8A7-F6A6-439C-A09C-8C542ADE824A}.Debug|Any CPU.Build.0 = Debug|Any CPU
		{B38EF8A7-F6A6-439C-A09C-8C542ADE824A}.Release|Any CPU.ActiveCfg = Release|Any CPU
		{B38EF8A7-F6A6-439C-A09C-8C542ADE824A}.Release|Any CPU.Build.0 = Release|Any CPU
		{798A1A5D-8B99-4259-B55E-B1A527269F3D}.Debug|Any CPU.ActiveCfg = Debug|Any CPU
		{798A1A5D-8B99-4259-B55E-B1A527269F3D}.Debug|Any CPU.Build.0 = Debug|Any CPU
		{798A1A5D-8B99-4259-B55E-B1A527269F3D}.Release|Any CPU.ActiveCfg = Release|Any CPU
		{798A1A5D-8B99-4259-B55E-B1A527269F3D}.Release|Any CPU.Build.0 = Release|Any CPU
		{DB78091A-6A14-4A3F-9DCF-0C392E2262BC}.Debug|Any CPU.ActiveCfg = Debug|Any CPU
		{DB78091A-6A14-4A3F-9DCF-0C392E2262BC}.Debug|Any CPU.Build.0 = Debug|Any CPU
		{DB78091A-6A14-4A3F-9DCF-0C392E2262BC}.Release|Any CPU.ActiveCfg = Release|Any CPU
		{DB78091A-6A14-4A3F-9DCF-0C392E2262BC}.Release|Any CPU.Build.0 = Release|Any CPU
		{4A459171-9A4D-426B-AA41-A54DBE899C81}.Debug|Any CPU.ActiveCfg = Debug|Any CPU
		{4A459171-9A4D-426B-AA41-A54DBE899C81}.Debug|Any CPU.Build.0 = Debug|Any CPU
		{4A459171-9A4D-426B-AA41-A54DBE899C81}.Release|Any CPU.ActiveCfg = Release|Any CPU
		{4A459171-9A4D-426B-AA41-A54DBE899C81}.Release|Any CPU.Build.0 = Release|Any CPU
		{E2B7458B-D781-4D4D-A0E4-6CDF79BD218E}.Debug|Any CPU.ActiveCfg = Debug|Any CPU
		{E2B7458B-D781-4D4D-A0E4-6CDF79BD218E}.Debug|Any CPU.Build.0 = Debug|Any CPU
		{E2B7458B-D781-4D4D-A0E4-6CDF79BD218E}.Release|Any CPU.ActiveCfg = Release|Any CPU
		{E2B7458B-D781-4D4D-A0E4-6CDF79BD218E}.Release|Any CPU.Build.0 = Release|Any CPU
		{8C866CDA-FA58-42EF-9AF9-56B247337ED8}.Debug|Any CPU.ActiveCfg = Debug|Any CPU
		{8C866CDA-FA58-42EF-9AF9-56B247337ED8}.Debug|Any CPU.Build.0 = Debug|Any CPU
		{8C866CDA-FA58-42EF-9AF9-56B247337ED8}.Release|Any CPU.ActiveCfg = Release|Any CPU
		{8C866CDA-FA58-42EF-9AF9-56B247337ED8}.Release|Any CPU.Build.0 = Release|Any CPU
		{621CB31F-81C2-4CBF-87B6-9CA889D1D238}.Debug|Any CPU.ActiveCfg = Debug|Any CPU
		{621CB31F-81C2-4CBF-87B6-9CA889D1D238}.Debug|Any CPU.Build.0 = Debug|Any CPU
		{621CB31F-81C2-4CBF-87B6-9CA889D1D238}.Release|Any CPU.ActiveCfg = Release|Any CPU
		{621CB31F-81C2-4CBF-87B6-9CA889D1D238}.Release|Any CPU.Build.0 = Release|Any CPU
	EndGlobalSection
	GlobalSection(SolutionProperties) = preSolution
		HideSolutionNode = FALSE
	EndGlobalSection
	GlobalSection(ExtensibilityGlobals) = postSolution
		SolutionGuid = {63B1E06C-42FA-4CEF-AC4A-4D82D4CA8796}
	EndGlobalSection
EndGlobal
